
Microsoft Visual Studio Solution File, Format Version 12.00
# Visual Studio Version 16
VisualStudioVersion = 16.0.30907.101
MinimumVisualStudioVersion = 10.0.40219.1
Project("{FAE04EC0-301F-11D3-BF4B-00C04F79EFBC}") = "Distribuidora", "Distribuidora.csproj", "{AB9B1C06-4D2A-47CB-B124-592CE7729117}"
EndProject
Global
	GlobalSection(SolutionConfigurationPlatforms) = preSolution
		Debug|Any CPU = Debug|Any CPU
		Release|Any CPU = Release|Any CPU
	EndGlobalSection
	GlobalSection(ProjectConfigurationPlatforms) = postSolution
		{AB9B1C06-4D2A-47CB-B124-592CE7729117}.Debug|Any CPU.ActiveCfg = Debug|Any CPU
		{AB9B1C06-4D2A-47CB-B124-592CE7729117}.Debug|Any CPU.Build.0 = Debug|Any CPU
		{AB9B1C06-4D2A-47CB-B124-592CE7729117}.Release|Any CPU.ActiveCfg = Release|Any CPU
		{AB9B1C06-4D2A-47CB-B124-592CE7729117}.Release|Any CPU.Build.0 = Release|Any CPU
	EndGlobalSection
	GlobalSection(SolutionProperties) = preSolution
		HideSolutionNode = FALSE
	EndGlobalSection
	GlobalSection(ExtensibilityGlobals) = postSolution
		SolutionGuid = {962498CD-C5A9-415D-A557-64B763E4495D}
	EndGlobalSection
EndGlobal
